{
  "originHash" : "3931c82c18076f63a270984fb241a44490f9d8071d85cada14ba34f08224d26f",
  "pins" : [
    {
      "identity" : "punycodeswift",
      "kind" : "remoteSourceControl",
      "location" : "https://github.com/gumob/PunycodeSwift.git",
      "state" : {
        "revision" : "4356ec54e073741449640d3d50a1fd24fd1e1b8b",
        "version" : "2.1.0"
      }
    },
    {
      "identity" : "safariconverterlib",
      "kind" : "remoteSourceControl",
      "location" : "https://github.com/AdguardTeam/SafariConverterLib",
      "state" : {
        "branch" : "master",
        "revision" : "a2baf3b357ce2a5f704fd5d53666cd652baaf926"
      }
    },
    {
      "identity" : "swift-argument-parser",
      "kind" : "remoteSourceControl",
      "location" : "https://github.com/apple/swift-argument-parser",
      "state" : {
        "revision" : "0fbc8848e389af3bb55c182bc19ca9d5dc2f255b",
        "version" : "1.4.0"
      }
    },
    {
      "identity" : "zipfoundation",
      "kind" : "remoteSourceControl",
      "location" : "https://github.com/weichsel/ZIPFoundation",
      "state" : {
        "revision" : "02b6abe5f6eef7e3cbd5f247c5cc24e246efcfe0",
        "version" : "0.9.19"
      }
    }
  ],
  "version" : 3
}
